
Microsoft Visual Studio Solution File, Format Version 12.00
# Visual Studio Version 16
VisualStudioVersion = 16.0.29123.88
MinimumVisualStudioVersion = 10.0.40219.1
Project("{FAE04EC0-301F-11D3-BF4B-00C04F79EFBC}") = "Announcements", "Annoucements\Announcements.csproj", "{6F1FCA90-A095-4211-812A-738080931977}"
EndProject
Global
	GlobalSection(SolutionConfigurationPlatforms) = preSolution
		Debug|Any CPU = Debug|Any CPU
		Release|Any CPU = Release|Any CPU
	EndGlobalSection
	GlobalSection(ProjectConfigurationPlatforms) = postSolution
		{6F1FCA90-A095-4211-812A-738080931977}.Debug|Any CPU.ActiveCfg = Debug|Any CPU
		{6F1FCA90-A095-4211-812A-738080931977}.Debug|Any CPU.Build.0 = Debug|Any CPU
		{6F1FCA90-A095-4211-812A-738080931977}.Debug|Any CPU.Deploy.0 = Debug|Any CPU
		{6F1FCA90-A095-4211-812A-738080931977}.Release|Any CPU.ActiveCfg = Release|Any CPU
		{6F1FCA90-A095-4211-812A-738080931977}.Release|Any CPU.Build.0 = Release|Any CPU
		{6F1FCA90-A095-4211-812A-738080931977}.Release|Any CPU.Deploy.0 = Release|Any CPU
	EndGlobalSection
	GlobalSection(SolutionProperties) = preSolution
		HideSolutionNode = FALSE
	EndGlobalSection
	GlobalSection(ExtensibilityGlobals) = postSolution
		SolutionGuid = {4A9A44BC-A34E-44EC-948D-ACFA1C15E13F}
	EndGlobalSection
EndGlobal
